<?xml version="1.0" encoding="UTF-8" standalone="yes" ?>
<CodeBlocks_project_file>
	<FileVersion major="1" minor="6" />
	<Project>
		<Option title="TP-Laberintos-y-Fantasmas" />
		<Option pch_mode="2" />
		<Option compiler="gcc" />
		<Build>
			<Target title="Debug">
				<Option output="bin/Debug/TP-Laberintos-y-Fantasmas" prefix_auto="1" extension_auto="1" />
				<Option object_output="obj/Debug/" />
				<Option type="1" />
				<Option compiler="gcc" />
				<Compiler>
					<Add option="-std=c99" />
					<Add option="-g" />
				</Compiler>
			</Target>
			<Target title="Release">
				<Option output="bin/Release/TP-Laberintos-y-Fantasmas" prefix_auto="1" extension_auto="1" />
				<Option object_output="obj/Release/" />
				<Option type="1" />
				<Option compiler="gcc" />
				<Compiler>
					<Add option="-O2" />
				</Compiler>
				<Linker>
					<Add option="-s" />
				</Linker>
			</Target>
		</Build>
		<Compiler>
			<Add option="-Wall" />
		</Compiler>
		<Linker>
			<Add library="ws2_32" />
		</Linker>
		<Unit filename="codigo/estructuras/cola.c">
			<Option compilerVar="CC" />
		</Unit>
		<Unit filename="codigo/estructuras/cola.h" />
		<Unit filename="codigo/estructuras/lista.c">
			<Option compilerVar="CC" />
		</Unit>
		<Unit filename="codigo/estructuras/lista.h" />
		<Unit filename="codigo/estructuras/vector.c">
			<Option compilerVar="CC" />
		</Unit>
		<Unit filename="codigo/estructuras/vector.h" />
		<Unit filename="codigo/juego/cliente_red.c">
			<Option compilerVar="CC" />
		</Unit>
		<Unit filename="codigo/juego/cliente_red.h" />
		<Unit filename="codigo/juego/configuracion.c">
			<Option compilerVar="CC" />
		</Unit>
		<Unit filename="codigo/juego/configuracion.h" />
		<Unit filename="codigo/juego/controles.h" />
		<Unit filename="codigo/juego/entidades.h" />
		<Unit filename="codigo/juego/fantasma.c">
			<Option compilerVar="CC" />
		</Unit>
		<Unit filename="codigo/juego/fantasma.h" />
		<Unit filename="codigo/juego/juego.c">
			<Option compilerVar="CC" />
		</Unit>
		<Unit filename="codigo/juego/juego.h" />
		<Unit filename="codigo/juego/jugador.c">
			<Option compilerVar="CC" />
		</Unit>
		<Unit filename="codigo/juego/jugador.h" />
		<Unit filename="codigo/juego/laberinto.c">
			<Option compilerVar="CC" />
		</Unit>
		<Unit filename="codigo/juego/laberinto.h" />
		<Unit filename="codigo/juego/premios_y_vidas.c">
			<Option compilerVar="CC" />
		</Unit>
		<Unit filename="codigo/juego/premios_y_vidas.h" />
		<Unit filename="codigo/menu/menu.c">
			<Option compilerVar="CC" />
		</Unit>
		<Unit filename="codigo/menu/menu.h" />
		<Unit filename="codigo/retornos.h" />
		<Unit filename="main.c">
			<Option compilerVar="CC" />
		</Unit>
		<Extensions>
			<lib_finder disable_auto="1" />
		</Extensions>
	</Project>
</CodeBlocks_project_file>
